
Microsoft Visual Studio Solution File, Format Version 12.00
# Visual Studio Version 16
VisualStudioVersion = 16.0.36631.11
MinimumVisualStudioVersion = 10.0.40219.1
Project("{FAE04EC0-301F-11D3-BF4B-00C04F79EFBC}") = "IOTStore", "IOTStore\IOTStore.csproj", "{2C5219FC-2B31-4032-AF11-9BEAED21EA70}"
EndProject
Global
	GlobalSection(SolutionConfigurationPlatforms) = preSolution
		Debug|Any CPU = Debug|Any CPU
		Release|Any CPU = Release|Any CPU
	EndGlobalSection
	GlobalSection(ProjectConfigurationPlatforms) = postSolution
		{2C5219FC-2B31-4032-AF11-9BEAED21EA70}.Debug|Any CPU.ActiveCfg = Debug|Any CPU
		{2C5219FC-2B31-4032-AF11-9BEAED21EA70}.Debug|Any CPU.Build.0 = Debug|Any CPU
		{2C5219FC-2B31-4032-AF11-9BEAED21EA70}.Release|Any CPU.ActiveCfg = Release|Any CPU
		{2C5219FC-2B31-4032-AF11-9BEAED21EA70}.Release|Any CPU.Build.0 = Release|Any CPU
	EndGlobalSection
	GlobalSection(SolutionProperties) = preSolution
		HideSolutionNode = FALSE
	EndGlobalSection
	GlobalSection(ExtensibilityGlobals) = postSolution
		SolutionGuid = {0CAB8406-E877-443D-B042-D6E202FDC136}
	EndGlobalSection
EndGlobal
